{
  "requires": true,
  "lockfileVersion": 1,
  "dependencies": {
    "esprima": {
      "version": "3.1.3",
      "resolved": "https://registry.npmjs.org/esprima/-/esprima-3.1.3.tgz",
      "integrity": "sha1-/cpRzuYTOJXjyI1TXOSdv/YqRjM=",
      "dev": true
    },
    "jquery": {
      "version": "3.3.1",
      "resolved": "https://registry.npmjs.org/jquery/-/jquery-3.3.1.tgz",
      "integrity": "sha512-Ubldcmxp5np52/ENotGxlLe6aGMvmF4R8S6tZjsP6Knsaxd/xp3Zrh50cG93lR6nPXyUFwzN3ZSOQI0wRJNdGg=="
    },
    "lodash": {
      "version": "4.17.10",
      "resolved": "https://registry.npmjs.org/lodash/-/lodash-4.17.10.tgz",
      "integrity": "sha512-UejweD1pDoXu+AD825lWwp4ZGtSwgnpZxb3JDViD7StjQz+Nb/6l093lx4OQ0foGWNRoc19mWy7BzL+UAK2iVg=="
    },
    "quokka-signet-explorer": {
      "version": "1.3.0",
      "resolved": "https://registry.npmjs.org/quokka-signet-explorer/-/quokka-signet-explorer-1.3.0.tgz",
      "integrity": "sha1-nuT1jANbTfz+uYUQW1N9rmBpuQk=",
      "dev": true,
      "requires": {
        "esprima": "3.1.3",
        "signet": "3.17.0"
      }
    },
    "signet": {
      "version": "3.17.0",
      "resolved": "https://registry.npmjs.org/signet/-/signet-3.17.0.tgz",
      "integrity": "sha1-YZtWn90v75rV0yFpv6Qp9h8OLOw=",
      "dev": true,
      "requires": {
        "signet-assembler": "2.1.0",
        "signet-checker": "1.1.0",
        "signet-parser": "5.2.4",
        "signet-registrar": "2.0.0",
        "signet-typelog": "1.4.0",
        "signet-validator": "2.0.1"
      }
    },
    "signet-assembler": {
      "version": "2.1.0",
      "resolved": "https://registry.npmjs.org/signet-assembler/-/signet-assembler-2.1.0.tgz",
      "integrity": "sha1-YRu3BUvaNVOH055ih3lIVVrUFms=",
      "dev": true
    },
    "signet-checker": {
      "version": "1.1.0",
      "resolved": "https://registry.npmjs.org/signet-checker/-/signet-checker-1.1.0.tgz",
      "integrity": "sha1-mPBaD+kV9PXx2SseEPT8eDFHK8U=",
      "dev": true
    },
    "signet-parser": {
      "version": "5.2.4",
      "resolved": "https://registry.npmjs.org/signet-parser/-/signet-parser-5.2.4.tgz",
      "integrity": "sha1-q9pAMH51kayceUYekyayi8zRLsk=",
      "dev": true
    },
    "signet-registrar": {
      "version": "2.0.0",
      "resolved": "https://registry.npmjs.org/signet-registrar/-/signet-registrar-2.0.0.tgz",
      "integrity": "sha1-b9bu1nwNkQpcAMKcWtLMZTIYrxA=",
      "dev": true
    },
    "signet-typelog": {
      "version": "1.4.0",
      "resolved": "https://registry.npmjs.org/signet-typelog/-/signet-typelog-1.4.0.tgz",
      "integrity": "sha1-XUh3hXrY6ketmChmtDgcjLt2eho=",
      "dev": true
    },
    "signet-validator": {
      "version": "2.0.1",
      "resolved": "https://registry.npmjs.org/signet-validator/-/signet-validator-2.0.1.tgz",
      "integrity": "sha1-da5ykh8eZluqRQykXkPjkL22a18=",
      "dev": true
    }
  }
}
